
Microsoft Visual Studio Solution File, Format Version 12.00
# Visual Studio Version 17
VisualStudioVersion = 17.4.33103.184
MinimumVisualStudioVersion = 10.0.40219.1
Project("{FAE04EC0-301F-11D3-BF4B-00C04F79EFBC}") = "Amanda", "Amanda\Amanda.csproj", "{52D34622-35D6-4592-AC03-4FB4FB2F3296}"
EndProject
Global
	GlobalSection(SolutionConfigurationPlatforms) = preSolution
		Debug|Any CPU = Debug|Any CPU
		Release|Any CPU = Release|Any CPU
	EndGlobalSection
	GlobalSection(ProjectConfigurationPlatforms) = postSolution
		{52D34622-35D6-4592-AC03-4FB4FB2F3296}.Debug|Any CPU.ActiveCfg = Debug|Any CPU
		{52D34622-35D6-4592-AC03-4FB4FB2F3296}.Debug|Any CPU.Build.0 = Debug|Any CPU
		{52D34622-35D6-4592-AC03-4FB4FB2F3296}.Release|Any CPU.ActiveCfg = Release|Any CPU
		{52D34622-35D6-4592-AC03-4FB4FB2F3296}.Release|Any CPU.Build.0 = Release|Any CPU
	EndGlobalSection
	GlobalSection(SolutionProperties) = preSolution
		HideSolutionNode = FALSE
	EndGlobalSection
	GlobalSection(ExtensibilityGlobals) = postSolution
		SolutionGuid = {DE1E0F68-887B-470D-A54D-8C29ED3868F5}
	EndGlobalSection
EndGlobal
